
Microsoft Visual Studio Solution File, Format Version 12.00
# Visual Studio 2013
VisualStudioVersion = 12.0.31101.0
MinimumVisualStudioVersion = 10.0.40219.1
Project("{FAE04EC0-301F-11D3-BF4B-00C04F79EFBC}") = "UserService.Messages", "UserService.Messages\UserService.Messages.csproj", "{E728C494-0994-4A77-A35A-C8A3C8BB82D5}"
EndProject
Project("{FAE04EC0-301F-11D3-BF4B-00C04F79EFBC}") = "UserService", "UserService\UserService.csproj", "{96A4742B-EA6A-46EC-8D61-BD0435F1B4AE}"
EndProject
Project("{FAE04EC0-301F-11D3-BF4B-00C04F79EFBC}") = "ExampleWeb", "ExampleWeb\ExampleWeb.csproj", "{DD154D7C-1205-47BF-95A4-B30524E4103E}"
EndProject
Project("{FAE04EC0-301F-11D3-BF4B-00C04F79EFBC}") = "WelcomeEmailService", "WelcomeEmailService\WelcomeEmailService.csproj", "{AFB61988-8995-4F97-A292-E454FA70F9F8}"
EndProject
Project("{FAE04EC0-301F-11D3-BF4B-00C04F79EFBC}") = "WelcomeEmailService.Messages", "WelcomeEmailService.Messages\WelcomeEmailService.Messages.csproj", "{1B984881-8F26-403A-9BCA-4BB948AA1BFD}"
EndProject
Global
	GlobalSection(SolutionConfigurationPlatforms) = preSolution
		Debug|Any CPU = Debug|Any CPU
		Release|Any CPU = Release|Any CPU
	EndGlobalSection
	GlobalSection(ProjectConfigurationPlatforms) = postSolution
		{E728C494-0994-4A77-A35A-C8A3C8BB82D5}.Debug|Any CPU.ActiveCfg = Debug|Any CPU
		{E728C494-0994-4A77-A35A-C8A3C8BB82D5}.Debug|Any CPU.Build.0 = Debug|Any CPU
		{E728C494-0994-4A77-A35A-C8A3C8BB82D5}.Release|Any CPU.ActiveCfg = Release|Any CPU
		{E728C494-0994-4A77-A35A-C8A3C8BB82D5}.Release|Any CPU.Build.0 = Release|Any CPU
		{96A4742B-EA6A-46EC-8D61-BD0435F1B4AE}.Debug|Any CPU.ActiveCfg = Debug|Any CPU
		{96A4742B-EA6A-46EC-8D61-BD0435F1B4AE}.Debug|Any CPU.Build.0 = Debug|Any CPU
		{96A4742B-EA6A-46EC-8D61-BD0435F1B4AE}.Release|Any CPU.ActiveCfg = Release|Any CPU
		{96A4742B-EA6A-46EC-8D61-BD0435F1B4AE}.Release|Any CPU.Build.0 = Release|Any CPU
		{DD154D7C-1205-47BF-95A4-B30524E4103E}.Debug|Any CPU.ActiveCfg = Debug|Any CPU
		{DD154D7C-1205-47BF-95A4-B30524E4103E}.Debug|Any CPU.Build.0 = Debug|Any CPU
		{DD154D7C-1205-47BF-95A4-B30524E4103E}.Release|Any CPU.ActiveCfg = Release|Any CPU
		{DD154D7C-1205-47BF-95A4-B30524E4103E}.Release|Any CPU.Build.0 = Release|Any CPU
		{AFB61988-8995-4F97-A292-E454FA70F9F8}.Debug|Any CPU.ActiveCfg = Debug|Any CPU
		{AFB61988-8995-4F97-A292-E454FA70F9F8}.Debug|Any CPU.Build.0 = Debug|Any CPU
		{AFB61988-8995-4F97-A292-E454FA70F9F8}.Release|Any CPU.ActiveCfg = Release|Any CPU
		{AFB61988-8995-4F97-A292-E454FA70F9F8}.Release|Any CPU.Build.0 = Release|Any CPU
		{1B984881-8F26-403A-9BCA-4BB948AA1BFD}.Debug|Any CPU.ActiveCfg = Debug|Any CPU
		{1B984881-8F26-403A-9BCA-4BB948AA1BFD}.Debug|Any CPU.Build.0 = Debug|Any CPU
		{1B984881-8F26-403A-9BCA-4BB948AA1BFD}.Release|Any CPU.ActiveCfg = Release|Any CPU
		{1B984881-8F26-403A-9BCA-4BB948AA1BFD}.Release|Any CPU.Build.0 = Release|Any CPU
	EndGlobalSection
	GlobalSection(SolutionProperties) = preSolution
		HideSolutionNode = FALSE
	EndGlobalSection
EndGlobal
